// !$*UTF8*$!
{
	archiveVersion = 1;
	classes = {
	};
	objectVersion = 46;
	objects = {

/* Begin PBXGroup section */
		5D05DF161C1B2A0400F97076 = {
			isa = PBXGroup;
			children = (
			);
			sourceTree = "<group>";
		};
/* End PBXGroup section */

/* Begin PBXProject section */
		5D05DF171C1B2A0400F97076 /* Project object */ = {
			isa = PBXProject;
			attributes = {
				LastUpgradeCheck = 0630;
			};
			buildConfigurationList = 5D05DF1A1C1B2A0400F97076 /* Build configuration list for PBXProject "StupidIOSProject" */;
			compatibilityVersion = "Xcode 3.2";
			developmentRegion = English;
			hasScannedForEncodings = 0;
			knownRegions = (
				en,
			);
			mainGroup = 5D05DF161C1B2A0400F97076;
			projectDirPath = "";
			projectRoot = "";
			targets = (
			);
		};
/* End PBXProject section */

/* Begin XCBuildConfiguration section */
		5D05DF1B1C1B2A0400F97076 /* Debug */ = {
			isa = XCBuildConfiguration;
			buildSettings = {
			};
			name = Debug;
		};
		5D05DF1C1C1B2A0400F97076 /* Release */ = {
			isa = XCBuildConfiguration;
			buildSettings = {
			};
			name = Release;
		};
/* End XCBuildConfiguration section */

/* Begin XCConfigurationList section */
		5D05DF1A1C1B2A0400F97076 /* Build configuration list for PBXProject "StupidIOSProject" */ = {
			isa = XCConfigurationList;
			buildConfigurations = (
				5D05DF1B1C1B2A0400F97076 /* Debug */,
				5D05DF1C1C1B2A0400F97076 /* Release */,
			);
			defaultConfigurationIsVisible = 0;
			defaultConfigurationName = Release;
		};
/* End XCConfigurationList section */
	};
	rootObject = 5D05DF171C1B2A0400F97076 /* Project object */;
}
